// !$*UTF8*$!
{
	archiveVersion = 1;
	classes = {
	};
	objectVersion = 50;
	objects = {

/* Begin PBXBuildFile section */
		5A8B5A2A26E1B7B000DD64A7 /* Board.swift in Sources */ = {isa = PBXBuildFile; fileRef = 5A8B5A2926E1B7B000DD64A7 /* Board.swift */; };
		5A8B5A2B26E1B7B100DD64A7 /* Board.swift in Sources */ = {isa = PBXBuildFile; fileRef = 5A8B5A2926E1B7B000DD64A7 /* Board.swift */; };
		5A8B771226DF2CED0063C3E7 /* AppDelegate.swift in Sources */ = {isa = PBXBuildFile; fileRef = 5A8B771126DF2CED0063C3E7 /* AppDelegate.swift */; };
		5A8B771426DF2CED0063C3E7 /* SceneDelegate.swift in Sources */ = {isa = PBXBuildFile; fileRef = 5A8B771326DF2CED0063C3E7 /* SceneDelegate.swift */; };
		5A8B771626DF2CED0063C3E7 /* ViewController.swift in Sources */ = {isa = PBXBuildFile; fileRef = 5A8B771526DF2CED0063C3E7 /* ViewController.swift */; };
		5A8B771926DF2CED0063C3E7 /* Main.storyboard in Resources */ = {isa = PBXBuildFile; fileRef = 5A8B771726DF2CED0063C3E7 /* Main.storyboard */; };
		5A8B771B26DF2CF00063C3E7 /* Assets.xcassets in Resources */ = {isa = PBXBuildFile; fileRef = 5A8B771A26DF2CF00063C3E7 /* Assets.xcassets */; };
		5A8B771E26DF2CF00063C3E7 /* LaunchScreen.storyboard in Resources */ = {isa = PBXBuildFile; fileRef = 5A8B771C26DF2CF00063C3E7 /* LaunchScreen.storyboard */; };
		5A8B773C26DF2D620063C3E7 /* KoModel.h in Headers */ = {isa = PBXBuildFile; fileRef = 5A8B772C26DF2D610063C3E7 /* KoModel.h */; settings = {ATTRIBUTES = (Public, ); }; };
		5A8B773F26DF2D620063C3E7 /* KoModel.framework in Frameworks */ = {isa = PBXBuildFile; fileRef = 5A8B772A26DF2D610063C3E7 /* KoModel.framework */; };
		5A8B774026DF2D620063C3E7 /* KoModel.framework in Embed Frameworks */ = {isa = PBXBuildFile; fileRef = 5A8B772A26DF2D610063C3E7 /* KoModel.framework */; settings = {ATTRIBUTES = (CodeSignOnCopy, RemoveHeadersOnCopy, ); }; };
		5A8B775626DF2DCD0063C3E7 /* KoModel.framework in Frameworks */ = {isa = PBXBuildFile; fileRef = 5A8B774D26DF2DCD0063C3E7 /* KoModel.framework */; };
		5A8B775B26DF2DCD0063C3E7 /* KoModelMacOSTests.swift in Sources */ = {isa = PBXBuildFile; fileRef = 5A8B775A26DF2DCD0063C3E7 /* KoModelMacOSTests.swift */; };
		5A8B775D26DF2DCD0063C3E7 /* KoModelMacOS.h in Headers */ = {isa = PBXBuildFile; fileRef = 5A8B774F26DF2DCD0063C3E7 /* KoModelMacOS.h */; settings = {ATTRIBUTES = (Public, ); }; };
		5A8B776526DF2E390063C3E7 /* Piece.swift in Sources */ = {isa = PBXBuildFile; fileRef = 5A8B776426DF2E390063C3E7 /* Piece.swift */; };
		5A8B776626DF2E390063C3E7 /* Piece.swift in Sources */ = {isa = PBXBuildFile; fileRef = 5A8B776426DF2E390063C3E7 /* Piece.swift */; };
		5A972E5026E06D84009E6B3D /* Player.swift in Sources */ = {isa = PBXBuildFile; fileRef = 5A972E4F26E06D84009E6B3D /* Player.swift */; };
		5A972E5126E06D88009E6B3D /* Player.swift in Sources */ = {isa = PBXBuildFile; fileRef = 5A972E4F26E06D84009E6B3D /* Player.swift */; };
		5A972E5326E06F99009E6B3D /* GameConstants.swift in Sources */ = {isa = PBXBuildFile; fileRef = 5A972E5226E06F99009E6B3D /* GameConstants.swift */; };
		5A972E5426E07012009E6B3D /* GameConstants.swift in Sources */ = {isa = PBXBuildFile; fileRef = 5A972E5226E06F99009E6B3D /* GameConstants.swift */; };
		5A972E5626E073AD009E6B3D /* Array2D.swift in Sources */ = {isa = PBXBuildFile; fileRef = 5A972E5526E073AD009E6B3D /* Array2D.swift */; };
		5A972E5726E073AD009E6B3D /* Array2D.swift in Sources */ = {isa = PBXBuildFile; fileRef = 5A972E5526E073AD009E6B3D /* Array2D.swift */; };
		5A98CAD126E30C9A00D1FEE8 /* PiecePlacementRecord.swift in Sources */ = {isa = PBXBuildFile; fileRef = 5A98CAD026E30C9A00D1FEE8 /* PiecePlacementRecord.swift */; };
		5A98CAD226E30C9A00D1FEE8 /* PiecePlacementRecord.swift in Sources */ = {isa = PBXBuildFile; fileRef = 5A98CAD026E30C9A00D1FEE8 /* PiecePlacementRecord.swift */; };
		5A98CAD426E3A6CC00D1FEE8 /* Game.swift in Sources */ = {isa = PBXBuildFile; fileRef = 5A98CAD326E3A6CC00D1FEE8 /* Game.swift */; };
		5A98CAD526E3A6CC00D1FEE8 /* Game.swift in Sources */ = {isa = PBXBuildFile; fileRef = 5A98CAD326E3A6CC00D1FEE8 /* Game.swift */; };
		5A98CAD726E3A91D00D1FEE8 /* Move.swift in Sources */ = {isa = PBXBuildFile; fileRef = 5A98CAD626E3A91D00D1FEE8 /* Move.swift */; };
		5A98CAD826E3A91D00D1FEE8 /* Move.swift in Sources */ = {isa = PBXBuildFile; fileRef = 5A98CAD626E3A91D00D1FEE8 /* Move.swift */; };
/* End PBXBuildFile section */

/* Begin PBXContainerItemProxy section */
		5A8B773D26DF2D620063C3E7 /* PBXContainerItemProxy */ = {
			isa = PBXContainerItemProxy;
			containerPortal = 5A8B770626DF2CED0063C3E7 /* Project object */;
			proxyType = 1;
			remoteGlobalIDString = 5A8B772926DF2D610063C3E7;
			remoteInfo = KoModel;
		};
		5A8B775726DF2DCD0063C3E7 /* PBXContainerItemProxy */ = {
			isa = PBXContainerItemProxy;
			containerPortal = 5A8B770626DF2CED0063C3E7 /* Project object */;
			proxyType = 1;
			remoteGlobalIDString = 5A8B774C26DF2DCD0063C3E7;
			remoteInfo = KoModelMacOS;
		};
/* End PBXContainerItemProxy section */

/* Begin PBXCopyFilesBuildPhase section */
		5A8B774426DF2D620063C3E7 /* Embed Frameworks */ = {
			isa = PBXCopyFilesBuildPhase;
			buildActionMask = 2147483647;
			dstPath = "";
			dstSubfolderSpec = 10;
			files = (
				5A8B774026DF2D620063C3E7 /* KoModel.framework in Embed Frameworks */,
			);
			name = "Embed Frameworks";
			runOnlyForDeploymentPostprocessing = 0;
		};
/* End PBXCopyFilesBuildPhase section */

/* Begin PBXFileReference section */
		5A8B5A2926E1B7B000DD64A7 /* Board.swift */ = {isa = PBXFileReference; lastKnownFileType = sourcecode.swift; path = Board.swift; sourceTree = "<group>"; };
		5A8B770E26DF2CED0063C3E7 /* Ko.app */ = {isa = PBXFileReference; explicitFileType = wrapper.application; includeInIndex = 0; path = Ko.app; sourceTree = BUILT_PRODUCTS_DIR; };
		5A8B771126DF2CED0063C3E7 /* AppDelegate.swift */ = {isa = PBXFileReference; lastKnownFileType = sourcecode.swift; path = AppDelegate.swift; sourceTree = "<group>"; };
		5A8B771326DF2CED0063C3E7 /* SceneDelegate.swift */ = {isa = PBXFileReference; lastKnownFileType = sourcecode.swift; path = SceneDelegate.swift; sourceTree = "<group>"; };
		5A8B771526DF2CED0063C3E7 /* ViewController.swift */ = {isa = PBXFileReference; lastKnownFileType = sourcecode.swift; path = ViewController.swift; sourceTree = "<group>"; };
		5A8B771826DF2CED0063C3E7 /* Base */ = {isa = PBXFileReference; lastKnownFileType = file.storyboard; name = Base; path = Base.lproj/Main.storyboard; sourceTree = "<group>"; };
		5A8B771A26DF2CF00063C3E7 /* Assets.xcassets */ = {isa = PBXFileReference; lastKnownFileType = folder.assetcatalog; path = Assets.xcassets; sourceTree = "<group>"; };
		5A8B771D26DF2CF00063C3E7 /* Base */ = {isa = PBXFileReference; lastKnownFileType = file.storyboard; name = Base; path = Base.lproj/LaunchScreen.storyboard; sourceTree = "<group>"; };
		5A8B771F26DF2CF00063C3E7 /* Info.plist */ = {isa = PBXFileReference; lastKnownFileType = text.plist.xml; path = Info.plist; sourceTree = "<group>"; };
		5A8B772A26DF2D610063C3E7 /* KoModel.framework */ = {isa = PBXFileReference; explicitFileType = wrapper.framework; includeInIndex = 0; path = KoModel.framework; sourceTree = BUILT_PRODUCTS_DIR; };
		5A8B772C26DF2D610063C3E7 /* KoModel.h */ = {isa = PBXFileReference; lastKnownFileType = sourcecode.c.h; path = KoModel.h; sourceTree = "<group>"; };
		5A8B772D26DF2D610063C3E7 /* Info.plist */ = {isa = PBXFileReference; lastKnownFileType = text.plist.xml; path = Info.plist; sourceTree = "<group>"; };
		5A8B774D26DF2DCD0063C3E7 /* KoModel.framework */ = {isa = PBXFileReference; explicitFileType = wrapper.framework; includeInIndex = 0; path = KoModel.framework; sourceTree = BUILT_PRODUCTS_DIR; };
		5A8B774F26DF2DCD0063C3E7 /* KoModelMacOS.h */ = {isa = PBXFileReference; lastKnownFileType = sourcecode.c.h; path = KoModelMacOS.h; sourceTree = "<group>"; };
		5A8B775026DF2DCD0063C3E7 /* Info.plist */ = {isa = PBXFileReference; lastKnownFileType = text.plist.xml; path = Info.plist; sourceTree = "<group>"; };
		5A8B775526DF2DCD0063C3E7 /* KoModelMacOSTests.xctest */ = {isa = PBXFileReference; explicitFileType = wrapper.cfbundle; includeInIndex = 0; path = KoModelMacOSTests.xctest; sourceTree = BUILT_PRODUCTS_DIR; };
		5A8B775A26DF2DCD0063C3E7 /* KoModelMacOSTests.swift */ = {isa = PBXFileReference; lastKnownFileType = sourcecode.swift; path = KoModelMacOSTests.swift; sourceTree = "<group>"; };
		5A8B775C26DF2DCD0063C3E7 /* Info.plist */ = {isa = PBXFileReference; lastKnownFileType = text.plist.xml; path = Info.plist; sourceTree = "<group>"; };
		5A8B776426DF2E390063C3E7 /* Piece.swift */ = {isa = PBXFileReference; lastKnownFileType = sourcecode.swift; path = Piece.swift; sourceTree = "<group>"; };
		5A972E4F26E06D84009E6B3D /* Player.swift */ = {isa = PBXFileReference; lastKnownFileType = sourcecode.swift; path = Player.swift; sourceTree = "<group>"; };
		5A972E5226E06F99009E6B3D /* GameConstants.swift */ = {isa = PBXFileReference; lastKnownFileType = sourcecode.swift; path = GameConstants.swift; sourceTree = "<group>"; };
		5A972E5526E073AD009E6B3D /* Array2D.swift */ = {isa = PBXFileReference; lastKnownFileType = sourcecode.swift; path = Array2D.swift; sourceTree = "<group>"; };
		5A98CAD026E30C9A00D1FEE8 /* PiecePlacementRecord.swift */ = {isa = PBXFileReference; lastKnownFileType = sourcecode.swift; path = PiecePlacementRecord.swift; sourceTree = "<group>"; };
		5A98CAD326E3A6CC00D1FEE8 /* Game.swift */ = {isa = PBXFileReference; lastKnownFileType = sourcecode.swift; path = Game.swift; sourceTree = "<group>"; };
		5A98CAD626E3A91D00D1FEE8 /* Move.swift */ = {isa = PBXFileReference; lastKnownFileType = sourcecode.swift; path = Move.swift; sourceTree = "<group>"; };
/* End PBXFileReference section */

/* Begin PBXFrameworksBuildPhase section */
		5A8B770B26DF2CED0063C3E7 /* Frameworks */ = {
			isa = PBXFrameworksBuildPhase;
			buildActionMask = 2147483647;
			files = (
				5A8B773F26DF2D620063C3E7 /* KoModel.framework in Frameworks */,
			);
			runOnlyForDeploymentPostprocessing = 0;
		};
		5A8B772726DF2D610063C3E7 /* Frameworks */ = {
			isa = PBXFrameworksBuildPhase;
			buildActionMask = 2147483647;
			files = (
			);
			runOnlyForDeploymentPostprocessing = 0;
		};
		5A8B774A26DF2DCD0063C3E7 /* Frameworks */ = {
			isa = PBXFrameworksBuildPhase;
			buildActionMask = 2147483647;
			files = (
			);
			runOnlyForDeploymentPostprocessing = 0;
		};
		5A8B775226DF2DCD0063C3E7 /* Frameworks */ = {
			isa = PBXFrameworksBuildPhase;
			buildActionMask = 2147483647;
			files = (
				5A8B775626DF2DCD0063C3E7 /* KoModel.framework in Frameworks */,
			);
			runOnlyForDeploymentPostprocessing = 0;
		};
/* End PBXFrameworksBuildPhase section */

/* Begin PBXGroup section */
		5A8B770526DF2CED0063C3E7 = {
			isa = PBXGroup;
			children = (
				5A8B771026DF2CED0063C3E7 /* Ko */,
				5A8B772B26DF2D610063C3E7 /* KoModel */,
				5A8B774E26DF2DCD0063C3E7 /* KoModelMacOS */,
				5A8B775926DF2DCD0063C3E7 /* KoModelMacOSTests */,
				5A8B770F26DF2CED0063C3E7 /* Products */,
			);
			sourceTree = "<group>";
		};
		5A8B770F26DF2CED0063C3E7 /* Products */ = {
			isa = PBXGroup;
			children = (
				5A8B770E26DF2CED0063C3E7 /* Ko.app */,
				5A8B772A26DF2D610063C3E7 /* KoModel.framework */,
				5A8B774D26DF2DCD0063C3E7 /* KoModel.framework */,
				5A8B775526DF2DCD0063C3E7 /* KoModelMacOSTests.xctest */,
			);
			name = Products;
			sourceTree = "<group>";
		};
		5A8B771026DF2CED0063C3E7 /* Ko */ = {
			isa = PBXGroup;
			children = (
				5A8B771126DF2CED0063C3E7 /* AppDelegate.swift */,
				5A8B771326DF2CED0063C3E7 /* SceneDelegate.swift */,
				5A8B771526DF2CED0063C3E7 /* ViewController.swift */,
				5A8B771726DF2CED0063C3E7 /* Main.storyboard */,
				5A8B771A26DF2CF00063C3E7 /* Assets.xcassets */,
				5A8B771C26DF2CF00063C3E7 /* LaunchScreen.storyboard */,
				5A8B771F26DF2CF00063C3E7 /* Info.plist */,
			);
			path = Ko;
			sourceTree = "<group>";
		};
		5A8B772B26DF2D610063C3E7 /* KoModel */ = {
			isa = PBXGroup;
			children = (
				5A8B772C26DF2D610063C3E7 /* KoModel.h */,
				5A8B772D26DF2D610063C3E7 /* Info.plist */,
				5A8B776426DF2E390063C3E7 /* Piece.swift */,
				5A972E4F26E06D84009E6B3D /* Player.swift */,
				5A972E5226E06F99009E6B3D /* GameConstants.swift */,
				5A972E5526E073AD009E6B3D /* Array2D.swift */,
				5A8B5A2926E1B7B000DD64A7 /* Board.swift */,
				5A98CAD026E30C9A00D1FEE8 /* PiecePlacementRecord.swift */,
				5A98CAD326E3A6CC00D1FEE8 /* Game.swift */,
				5A98CAD626E3A91D00D1FEE8 /* Move.swift */,
			);
			path = KoModel;
			sourceTree = "<group>";
		};
		5A8B774E26DF2DCD0063C3E7 /* KoModelMacOS */ = {
			isa = PBXGroup;
			children = (
				5A8B774F26DF2DCD0063C3E7 /* KoModelMacOS.h */,
				5A8B775026DF2DCD0063C3E7 /* Info.plist */,
			);
			path = KoModelMacOS;
			sourceTree = "<group>";
		};
		5A8B775926DF2DCD0063C3E7 /* KoModelMacOSTests */ = {
			isa = PBXGroup;
			children = (
				5A8B775A26DF2DCD0063C3E7 /* KoModelMacOSTests.swift */,
				5A8B775C26DF2DCD0063C3E7 /* Info.plist */,
			);
			path = KoModelMacOSTests;
			sourceTree = "<group>";
		};
/* End PBXGroup section */

/* Begin PBXHeadersBuildPhase section */
		5A8B772526DF2D610063C3E7 /* Headers */ = {
			isa = PBXHeadersBuildPhase;
			buildActionMask = 2147483647;
			files = (
				5A8B773C26DF2D620063C3E7 /* KoModel.h in Headers */,
			);
			runOnlyForDeploymentPostprocessing = 0;
		};
		5A8B774826DF2DCD0063C3E7 /* Headers */ = {
			isa = PBXHeadersBuildPhase;
			buildActionMask = 2147483647;
			files = (
				5A8B775D26DF2DCD0063C3E7 /* KoModelMacOS.h in Headers */,
			);
			runOnlyForDeploymentPostprocessing = 0;
		};
/* End PBXHeadersBuildPhase section */

/* Begin PBXNativeTarget section */
		5A8B770D26DF2CED0063C3E7 /* Ko */ = {
			isa = PBXNativeTarget;
			buildConfigurationList = 5A8B772226DF2CF00063C3E7 /* Build configuration list for PBXNativeTarget "Ko" */;
			buildPhases = (
				5A8B770A26DF2CED0063C3E7 /* Sources */,
				5A8B770B26DF2CED0063C3E7 /* Frameworks */,
				5A8B770C26DF2CED0063C3E7 /* Resources */,
				5A8B774426DF2D620063C3E7 /* Embed Frameworks */,
			);
			buildRules = (
			);
			dependencies = (
				5A8B773E26DF2D620063C3E7 /* PBXTargetDependency */,
			);
			name = Ko;
			productName = Ko;
			productReference = 5A8B770E26DF2CED0063C3E7 /* Ko.app */;
			productType = "com.apple.product-type.application";
		};
		5A8B772926DF2D610063C3E7 /* KoModel */ = {
			isa = PBXNativeTarget;
			buildConfigurationList = 5A8B774126DF2D620063C3E7 /* Build configuration list for PBXNativeTarget "KoModel" */;
			buildPhases = (
				5A8B772526DF2D610063C3E7 /* Headers */,
				5A8B772626DF2D610063C3E7 /* Sources */,
				5A8B772726DF2D610063C3E7 /* Frameworks */,
				5A8B772826DF2D610063C3E7 /* Resources */,
			);
			buildRules = (
			);
			dependencies = (
			);
			name = KoModel;
			productName = KoModel;
			productReference = 5A8B772A26DF2D610063C3E7 /* KoModel.framework */;
			productType = "com.apple.product-type.framework";
		};
		5A8B774C26DF2DCD0063C3E7 /* KoModelMacOS */ = {
			isa = PBXNativeTarget;
			buildConfigurationList = 5A8B775E26DF2DCD0063C3E7 /* Build configuration list for PBXNativeTarget "KoModelMacOS" */;
			buildPhases = (
				5A8B774826DF2DCD0063C3E7 /* Headers */,
				5A8B774926DF2DCD0063C3E7 /* Sources */,
				5A8B774A26DF2DCD0063C3E7 /* Frameworks */,
				5A8B774B26DF2DCD0063C3E7 /* Resources */,
			);
			buildRules = (
			);
			dependencies = (
			);
			name = KoModelMacOS;
			productName = KoModelMacOS;
			productReference = 5A8B774D26DF2DCD0063C3E7 /* KoModel.framework */;
			productType = "com.apple.product-type.framework";
		};
		5A8B775426DF2DCD0063C3E7 /* KoModelMacOSTests */ = {
			isa = PBXNativeTarget;
			buildConfigurationList = 5A8B776126DF2DCD0063C3E7 /* Build configuration list for PBXNativeTarget "KoModelMacOSTests" */;
			buildPhases = (
				5A8B775126DF2DCD0063C3E7 /* Sources */,
				5A8B775226DF2DCD0063C3E7 /* Frameworks */,
				5A8B775326DF2DCD0063C3E7 /* Resources */,
			);
			buildRules = (
			);
			dependencies = (
				5A8B775826DF2DCD0063C3E7 /* PBXTargetDependency */,
			);
			name = KoModelMacOSTests;
			productName = KoModelMacOSTests;
			productReference = 5A8B775526DF2DCD0063C3E7 /* KoModelMacOSTests.xctest */;
			productType = "com.apple.product-type.bundle.unit-test";
		};
/* End PBXNativeTarget section */

/* Begin PBXProject section */
		5A8B770626DF2CED0063C3E7 /* Project object */ = {
			isa = PBXProject;
			attributes = {
				LastSwiftUpdateCheck = 1250;
				LastUpgradeCheck = 1250;
				TargetAttributes = {
					5A8B770D26DF2CED0063C3E7 = {
						CreatedOnToolsVersion = 12.5.1;
					};
					5A8B772926DF2D610063C3E7 = {
						CreatedOnToolsVersion = 12.5.1;
						LastSwiftMigration = 1250;
					};
					5A8B774C26DF2DCD0063C3E7 = {
						CreatedOnToolsVersion = 12.5.1;
						LastSwiftMigration = 1250;
					};
					5A8B775426DF2DCD0063C3E7 = {
						CreatedOnToolsVersion = 12.5.1;
					};
				};
			};
			buildConfigurationList = 5A8B770926DF2CED0063C3E7 /* Build configuration list for PBXProject "Ko" */;
			compatibilityVersion = "Xcode 9.3";
			developmentRegion = en;
			hasScannedForEncodings = 0;
			knownRegions = (
				en,
				Base,
			);
			mainGroup = 5A8B770526DF2CED0063C3E7;
			productRefGroup = 5A8B770F26DF2CED0063C3E7 /* Products */;
			projectDirPath = "";
			projectRoot = "";
			targets = (
				5A8B770D26DF2CED0063C3E7 /* Ko */,
				5A8B772926DF2D610063C3E7 /* KoModel */,
				5A8B774C26DF2DCD0063C3E7 /* KoModelMacOS */,
				5A8B775426DF2DCD0063C3E7 /* KoModelMacOSTests */,
			);
		};
/* End PBXProject section */

/* Begin PBXResourcesBuildPhase section */
		5A8B770C26DF2CED0063C3E7 /* Resources */ = {
			isa = PBXResourcesBuildPhase;
			buildActionMask = 2147483647;
			files = (
				5A8B771E26DF2CF00063C3E7 /* LaunchScreen.storyboard in Resources */,
				5A8B771B26DF2CF00063C3E7 /* Assets.xcassets in Resources */,
				5A8B771926DF2CED0063C3E7 /* Main.storyboard in Resources */,
			);
			runOnlyForDeploymentPostprocessing = 0;
		};
		5A8B772826DF2D610063C3E7 /* Resources */ = {
			isa = PBXResourcesBuildPhase;
			buildActionMask = 2147483647;
			files = (
			);
			runOnlyForDeploymentPostprocessing = 0;
		};
		5A8B774B26DF2DCD0063C3E7 /* Resources */ = {
			isa = PBXResourcesBuildPhase;
			buildActionMask = 2147483647;
			files = (
			);
			runOnlyForDeploymentPostprocessing = 0;
		};
		5A8B775326DF2DCD0063C3E7 /* Resources */ = {
			isa = PBXResourcesBuildPhase;
			buildActionMask = 2147483647;
			files = (
			);
			runOnlyForDeploymentPostprocessing = 0;
		};
/* End PBXResourcesBuildPhase section */

/* Begin PBXSourcesBuildPhase section */
		5A8B770A26DF2CED0063C3E7 /* Sources */ = {
			isa = PBXSourcesBuildPhase;
			buildActionMask = 2147483647;
			files = (
				5A8B771626DF2CED0063C3E7 /* ViewController.swift in Sources */,
				5A8B771226DF2CED0063C3E7 /* AppDelegate.swift in Sources */,
				5A8B771426DF2CED0063C3E7 /* SceneDelegate.swift in Sources */,
			);
			runOnlyForDeploymentPostprocessing = 0;
		};
		5A8B772626DF2D610063C3E7 /* Sources */ = {
			isa = PBXSourcesBuildPhase;
			buildActionMask = 2147483647;
			files = (
				5A972E5026E06D84009E6B3D /* Player.swift in Sources */,
				5A98CAD126E30C9A00D1FEE8 /* PiecePlacementRecord.swift in Sources */,
				5A98CAD426E3A6CC00D1FEE8 /* Game.swift in Sources */,
				5A972E5626E073AD009E6B3D /* Array2D.swift in Sources */,
				5A98CAD726E3A91D00D1FEE8 /* Move.swift in Sources */,
				5A8B5A2A26E1B7B000DD64A7 /* Board.swift in Sources */,
				5A8B776526DF2E390063C3E7 /* Piece.swift in Sources */,
				5A972E5326E06F99009E6B3D /* GameConstants.swift in Sources */,
			);
			runOnlyForDeploymentPostprocessing = 0;
		};
		5A8B774926DF2DCD0063C3E7 /* Sources */ = {
			isa = PBXSourcesBuildPhase;
			buildActionMask = 2147483647;
			files = (
				5A972E5126E06D88009E6B3D /* Player.swift in Sources */,
				5A98CAD226E30C9A00D1FEE8 /* PiecePlacementRecord.swift in Sources */,
				5A98CAD526E3A6CC00D1FEE8 /* Game.swift in Sources */,
				5A972E5726E073AD009E6B3D /* Array2D.swift in Sources */,
				5A98CAD826E3A91D00D1FEE8 /* Move.swift in Sources */,
				5A8B5A2B26E1B7B100DD64A7 /* Board.swift in Sources */,
				5A8B776626DF2E390063C3E7 /* Piece.swift in Sources */,
				5A972E5426E07012009E6B3D /* GameConstants.swift in Sources */,
			);
			runOnlyForDeploymentPostprocessing = 0;
		};
		5A8B775126DF2DCD0063C3E7 /* Sources */ = {
			isa = PBXSourcesBuildPhase;
			buildActionMask = 2147483647;
			files = (
				5A8B775B26DF2DCD0063C3E7 /* KoModelMacOSTests.swift in Sources */,
			);
			runOnlyForDeploymentPostprocessing = 0;
		};
/* End PBXSourcesBuildPhase section */

/* Begin PBXTargetDependency section */
		5A8B773E26DF2D620063C3E7 /* PBXTargetDependency */ = {
			isa = PBXTargetDependency;
			target = 5A8B772926DF2D610063C3E7 /* KoModel */;
			targetProxy = 5A8B773D26DF2D620063C3E7 /* PBXContainerItemProxy */;
		};
		5A8B775826DF2DCD0063C3E7 /* PBXTargetDependency */ = {
			isa = PBXTargetDependency;
			target = 5A8B774C26DF2DCD0063C3E7 /* KoModelMacOS */;
			targetProxy = 5A8B775726DF2DCD0063C3E7 /* PBXContainerItemProxy */;
		};
/* End PBXTargetDependency section */

/* Begin PBXVariantGroup section */
		5A8B771726DF2CED0063C3E7 /* Main.storyboard */ = {
			isa = PBXVariantGroup;
			children = (
				5A8B771826DF2CED0063C3E7 /* Base */,
			);
			name = Main.storyboard;
			sourceTree = "<group>";
		};
		5A8B771C26DF2CF00063C3E7 /* LaunchScreen.storyboard */ = {
			isa = PBXVariantGroup;
			children = (
				5A8B771D26DF2CF00063C3E7 /* Base */,
			);
			name = LaunchScreen.storyboard;
			sourceTree = "<group>";
		};
/* End PBXVariantGroup section */

/* Begin XCBuildConfiguration section */
		5A8B772026DF2CF00063C3E7 /* Debug */ = {
			isa = XCBuildConfiguration;
			buildSettings = {
				ALWAYS_SEARCH_USER_PATHS = NO;
				CLANG_ANALYZER_NONNULL = YES;
				CLANG_ANALYZER_NUMBER_OBJECT_CONVERSION = YES_AGGRESSIVE;
				CLANG_CXX_LANGUAGE_STANDARD = "gnu++14";
				CLANG_CXX_LIBRARY = "libc++";
				CLANG_ENABLE_MODULES = YES;
				CLANG_ENABLE_OBJC_ARC = YES;
				CLANG_ENABLE_OBJC_WEAK = YES;
				CLANG_WARN_BLOCK_CAPTURE_AUTORELEASING = YES;
				CLANG_WARN_BOOL_CONVERSION = YES;
				CLANG_WARN_COMMA = YES;
				CLANG_WARN_CONSTANT_CONVERSION = YES;
				CLANG_WARN_DEPRECATED_OBJC_IMPLEMENTATIONS = YES;
				CLANG_WARN_DIRECT_OBJC_ISA_USAGE = YES_ERROR;
				CLANG_WARN_DOCUMENTATION_COMMENTS = YES;
				CLANG_WARN_EMPTY_BODY = YES;
				CLANG_WARN_ENUM_CONVERSION = YES;
				CLANG_WARN_INFINITE_RECURSION = YES;
				CLANG_WARN_INT_CONVERSION = YES;
				CLANG_WARN_NON_LITERAL_NULL_CONVERSION = YES;
				CLANG_WARN_OBJC_IMPLICIT_RETAIN_SELF = YES;
				CLANG_WARN_OBJC_LITERAL_CONVERSION = YES;
				CLANG_WARN_OBJC_ROOT_CLASS = YES_ERROR;
				CLANG_WARN_QUOTED_INCLUDE_IN_FRAMEWORK_HEADER = YES;
				CLANG_WARN_RANGE_LOOP_ANALYSIS = YES;
				CLANG_WARN_STRICT_PROTOTYPES = YES;
				CLANG_WARN_SUSPICIOUS_MOVE = YES;
				CLANG_WARN_UNGUARDED_AVAILABILITY = YES_AGGRESSIVE;
				CLANG_WARN_UNREACHABLE_CODE = YES;
				CLANG_WARN__DUPLICATE_METHOD_MATCH = YES;
				COPY_PHASE_STRIP = NO;
				DEBUG_INFORMATION_FORMAT = dwarf;
				ENABLE_STRICT_OBJC_MSGSEND = YES;
				ENABLE_TESTABILITY = YES;
				GCC_C_LANGUAGE_STANDARD = gnu11;
				GCC_DYNAMIC_NO_PIC = NO;
				GCC_NO_COMMON_BLOCKS = YES;
				GCC_OPTIMIZATION_LEVEL = 0;
				GCC_PREPROCESSOR_DEFINITIONS = (
					"DEBUG=1",
					"$(inherited)",
				);
				GCC_WARN_64_TO_32_BIT_CONVERSION = YES;
				GCC_WARN_ABOUT_RETURN_TYPE = YES_ERROR;
				GCC_WARN_UNDECLARED_SELECTOR = YES;
				GCC_WARN_UNINITIALIZED_AUTOS = YES_AGGRESSIVE;
				GCC_WARN_UNUSED_FUNCTION = YES;
				GCC_WARN_UNUSED_VARIABLE = YES;
				IPHONEOS_DEPLOYMENT_TARGET = 14.5;
				MTL_ENABLE_DEBUG_INFO = INCLUDE_SOURCE;
				MTL_FAST_MATH = YES;
				ONLY_ACTIVE_ARCH = YES;
				SDKROOT = iphoneos;
				SWIFT_ACTIVE_COMPILATION_CONDITIONS = DEBUG;
				SWIFT_OPTIMIZATION_LEVEL = "-Onone";
			};
			name = Debug;
		};
		5A8B772126DF2CF00063C3E7 /* Release */ = {
			isa = XCBuildConfiguration;
			buildSettings = {
				ALWAYS_SEARCH_USER_PATHS = NO;
				CLANG_ANALYZER_NONNULL = YES;
				CLANG_ANALYZER_NUMBER_OBJECT_CONVERSION = YES_AGGRESSIVE;
				CLANG_CXX_LANGUAGE_STANDARD = "gnu++14";
				CLANG_CXX_LIBRARY = "libc++";
				CLANG_ENABLE_MODULES = YES;
				CLANG_ENABLE_OBJC_ARC = YES;
				CLANG_ENABLE_OBJC_WEAK = YES;
				CLANG_WARN_BLOCK_CAPTURE_AUTORELEASING = YES;
				CLANG_WARN_BOOL_CONVERSION = YES;
				CLANG_WARN_COMMA = YES;
				CLANG_WARN_CONSTANT_CONVERSION = YES;
				CLANG_WARN_DEPRECATED_OBJC_IMPLEMENTATIONS = YES;
				CLANG_WARN_DIRECT_OBJC_ISA_USAGE = YES_ERROR;
				CLANG_WARN_DOCUMENTATION_COMMENTS = YES;
				CLANG_WARN_EMPTY_BODY = YES;
				CLANG_WARN_ENUM_CONVERSION = YES;
				CLANG_WARN_INFINITE_RECURSION = YES;
				CLANG_WARN_INT_CONVERSION = YES;
				CLANG_WARN_NON_LITERAL_NULL_CONVERSION = YES;
				CLANG_WARN_OBJC_IMPLICIT_RETAIN_SELF = YES;
				CLANG_WARN_OBJC_LITERAL_CONVERSION = YES;
				CLANG_WARN_OBJC_ROOT_CLASS = YES_ERROR;
				CLANG_WARN_QUOTED_INCLUDE_IN_FRAMEWORK_HEADER = YES;
				CLANG_WARN_RANGE_LOOP_ANALYSIS = YES;
				CLANG_WARN_STRICT_PROTOTYPES = YES;
				CLANG_WARN_SUSPICIOUS_MOVE = YES;
				CLANG_WARN_UNGUARDED_AVAILABILITY = YES_AGGRESSIVE;
				CLANG_WARN_UNREACHABLE_CODE = YES;
				CLANG_WARN__DUPLICATE_METHOD_MATCH = YES;
				COPY_PHASE_STRIP = NO;
				DEBUG_INFORMATION_FORMAT = "dwarf-with-dsym";
				ENABLE_NS_ASSERTIONS = NO;
				ENABLE_STRICT_OBJC_MSGSEND = YES;
				GCC_C_LANGUAGE_STANDARD = gnu11;
				GCC_NO_COMMON_BLOCKS = YES;
				GCC_WARN_64_TO_32_BIT_CONVERSION = YES;
				GCC_WARN_ABOUT_RETURN_TYPE = YES_ERROR;
				GCC_WARN_UNDECLARED_SELECTOR = YES;
				GCC_WARN_UNINITIALIZED_AUTOS = YES_AGGRESSIVE;
				GCC_WARN_UNUSED_FUNCTION = YES;
				GCC_WARN_UNUSED_VARIABLE = YES;
				IPHONEOS_DEPLOYMENT_TARGET = 14.5;
				MTL_ENABLE_DEBUG_INFO = NO;
				MTL_FAST_MATH = YES;
				SDKROOT = iphoneos;
				SWIFT_COMPILATION_MODE = wholemodule;
				SWIFT_OPTIMIZATION_LEVEL = "-O";
				VALIDATE_PRODUCT = YES;
			};
			name = Release;
		};
		5A8B772326DF2CF00063C3E7 /* Debug */ = {
			isa = XCBuildConfiguration;
			buildSettings = {
				ALWAYS_EMBED_SWIFT_STANDARD_LIBRARIES = YES;
				ASSETCATALOG_COMPILER_APPICON_NAME = AppIcon;
				ASSETCATALOG_COMPILER_GLOBAL_ACCENT_COLOR_NAME = AccentColor;
				CODE_SIGN_STYLE = Automatic;
				DEVELOPMENT_TEAM = E9MW74DJ4Y;
				INFOPLIST_FILE = Ko/Info.plist;
				LD_RUNPATH_SEARCH_PATHS = (
					"$(inherited)",
					"@executable_path/Frameworks",
				);
				PRODUCT_BUNDLE_IDENTIFIER = io.github.sweeper777.Ko;
				PRODUCT_NAME = "$(TARGET_NAME)";
				SWIFT_VERSION = 5.0;
				TARGETED_DEVICE_FAMILY = "1,2";
			};
			name = Debug;
		};
		5A8B772426DF2CF00063C3E7 /* Release */ = {
			isa = XCBuildConfiguration;
			buildSettings = {
				ALWAYS_EMBED_SWIFT_STANDARD_LIBRARIES = YES;
				ASSETCATALOG_COMPILER_APPICON_NAME = AppIcon;
				ASSETCATALOG_COMPILER_GLOBAL_ACCENT_COLOR_NAME = AccentColor;
				CODE_SIGN_STYLE = Automatic;
				DEVELOPMENT_TEAM = E9MW74DJ4Y;
				INFOPLIST_FILE = Ko/Info.plist;
				LD_RUNPATH_SEARCH_PATHS = (
					"$(inherited)",
					"@executable_path/Frameworks",
				);
				PRODUCT_BUNDLE_IDENTIFIER = io.github.sweeper777.Ko;
				PRODUCT_NAME = "$(TARGET_NAME)";
				SWIFT_VERSION = 5.0;
				TARGETED_DEVICE_FAMILY = "1,2";
			};
			name = Release;
		};
		5A8B774226DF2D620063C3E7 /* Debug */ = {
			isa = XCBuildConfiguration;
			buildSettings = {
				CLANG_ENABLE_MODULES = YES;
				CODE_SIGN_STYLE = Automatic;
				CURRENT_PROJECT_VERSION = 1;
				DEFINES_MODULE = YES;
				DEVELOPMENT_TEAM = E9MW74DJ4Y;
				DYLIB_COMPATIBILITY_VERSION = 1;
				DYLIB_CURRENT_VERSION = 1;
				DYLIB_INSTALL_NAME_BASE = "@rpath";
				INFOPLIST_FILE = KoModel/Info.plist;
				INSTALL_PATH = "$(LOCAL_LIBRARY_DIR)/Frameworks";
				LD_RUNPATH_SEARCH_PATHS = (
					"$(inherited)",
					"@executable_path/Frameworks",
					"@loader_path/Frameworks",
				);
				PRODUCT_BUNDLE_IDENTIFIER = io.github.sweeper777.KoModel;
				PRODUCT_NAME = "$(TARGET_NAME:c99extidentifier)";
				SKIP_INSTALL = YES;
				SWIFT_OPTIMIZATION_LEVEL = "-Onone";
				SWIFT_VERSION = 5.0;
				TARGETED_DEVICE_FAMILY = "1,2";
				VERSIONING_SYSTEM = "apple-generic";
				VERSION_INFO_PREFIX = "";
			};
			name = Debug;
		};
		5A8B774326DF2D620063C3E7 /* Release */ = {
			isa = XCBuildConfiguration;
			buildSettings = {
				CLANG_ENABLE_MODULES = YES;
				CODE_SIGN_STYLE = Automatic;
				CURRENT_PROJECT_VERSION = 1;
				DEFINES_MODULE = YES;
				DEVELOPMENT_TEAM = E9MW74DJ4Y;
				DYLIB_COMPATIBILITY_VERSION = 1;
				DYLIB_CURRENT_VERSION = 1;
				DYLIB_INSTALL_NAME_BASE = "@rpath";
				INFOPLIST_FILE = KoModel/Info.plist;
				INSTALL_PATH = "$(LOCAL_LIBRARY_DIR)/Frameworks";
				LD_RUNPATH_SEARCH_PATHS = (
					"$(inherited)",
					"@executable_path/Frameworks",
					"@loader_path/Frameworks",
				);
				PRODUCT_BUNDLE_IDENTIFIER = io.github.sweeper777.KoModel;
				PRODUCT_NAME = "$(TARGET_NAME:c99extidentifier)";
				SKIP_INSTALL = YES;
				SWIFT_VERSION = 5.0;
				TARGETED_DEVICE_FAMILY = "1,2";
				VERSIONING_SYSTEM = "apple-generic";
				VERSION_INFO_PREFIX = "";
			};
			name = Release;
		};
		5A8B775F26DF2DCD0063C3E7 /* Debug */ = {
			isa = XCBuildConfiguration;
			buildSettings = {
				CLANG_ENABLE_MODULES = YES;
				CODE_SIGN_STYLE = Automatic;
				COMBINE_HIDPI_IMAGES = YES;
				CURRENT_PROJECT_VERSION = 1;
				DEFINES_MODULE = YES;
				DEVELOPMENT_TEAM = E9MW74DJ4Y;
				DYLIB_COMPATIBILITY_VERSION = 1;
				DYLIB_CURRENT_VERSION = 1;
				DYLIB_INSTALL_NAME_BASE = "@rpath";
				INFOPLIST_FILE = KoModelMacOS/Info.plist;
				INSTALL_PATH = "$(LOCAL_LIBRARY_DIR)/Frameworks";
				LD_RUNPATH_SEARCH_PATHS = (
					"$(inherited)",
					"@executable_path/../Frameworks",
					"@loader_path/Frameworks",
				);
				MACOSX_DEPLOYMENT_TARGET = 11.3;
				PRODUCT_BUNDLE_IDENTIFIER = io.github.sweeper777.KoModelMacOS;
				PRODUCT_NAME = KoModel;
				SDKROOT = macosx;
				SKIP_INSTALL = YES;
				SWIFT_OPTIMIZATION_LEVEL = "-Onone";
				SWIFT_VERSION = 5.0;
				VERSIONING_SYSTEM = "apple-generic";
				VERSION_INFO_PREFIX = "";
			};
			name = Debug;
		};
		5A8B776026DF2DCD0063C3E7 /* Release */ = {
			isa = XCBuildConfiguration;
			buildSettings = {
				CLANG_ENABLE_MODULES = YES;
				CODE_SIGN_STYLE = Automatic;
				COMBINE_HIDPI_IMAGES = YES;
				CURRENT_PROJECT_VERSION = 1;
				DEFINES_MODULE = YES;
				DEVELOPMENT_TEAM = E9MW74DJ4Y;
				DYLIB_COMPATIBILITY_VERSION = 1;
				DYLIB_CURRENT_VERSION = 1;
				DYLIB_INSTALL_NAME_BASE = "@rpath";
				INFOPLIST_FILE = KoModelMacOS/Info.plist;
				INSTALL_PATH = "$(LOCAL_LIBRARY_DIR)/Frameworks";
				LD_RUNPATH_SEARCH_PATHS = (
					"$(inherited)",
					"@executable_path/../Frameworks",
					"@loader_path/Frameworks",
				);
				MACOSX_DEPLOYMENT_TARGET = 11.3;
				PRODUCT_BUNDLE_IDENTIFIER = io.github.sweeper777.KoModelMacOS;
				PRODUCT_NAME = KoModel;
				SDKROOT = macosx;
				SKIP_INSTALL = YES;
				SWIFT_VERSION = 5.0;
				VERSIONING_SYSTEM = "apple-generic";
				VERSION_INFO_PREFIX = "";
			};
			name = Release;
		};
		5A8B776226DF2DCD0063C3E7 /* Debug */ = {
			isa = XCBuildConfiguration;
			buildSettings = {
				ALWAYS_EMBED_SWIFT_STANDARD_LIBRARIES = YES;
				CODE_SIGN_STYLE = Automatic;
				COMBINE_HIDPI_IMAGES = YES;
				DEVELOPMENT_TEAM = E9MW74DJ4Y;
				INFOPLIST_FILE = KoModelMacOSTests/Info.plist;
				LD_RUNPATH_SEARCH_PATHS = (
					"$(inherited)",
					"@executable_path/../Frameworks",
					"@loader_path/../Frameworks",
				);
				MACOSX_DEPLOYMENT_TARGET = 11.3;
				PRODUCT_BUNDLE_IDENTIFIER = io.github.sweeper777.KoModelMacOSTests;
				PRODUCT_NAME = "$(TARGET_NAME)";
				SDKROOT = macosx;
				SWIFT_VERSION = 5.0;
			};
			name = Debug;
		};
		5A8B776326DF2DCD0063C3E7 /* Release */ = {
			isa = XCBuildConfiguration;
			buildSettings = {
				ALWAYS_EMBED_SWIFT_STANDARD_LIBRARIES = YES;
				CODE_SIGN_STYLE = Automatic;
				COMBINE_HIDPI_IMAGES = YES;
				DEVELOPMENT_TEAM = E9MW74DJ4Y;
				INFOPLIST_FILE = KoModelMacOSTests/Info.plist;
				LD_RUNPATH_SEARCH_PATHS = (
					"$(inherited)",
					"@executable_path/../Frameworks",
					"@loader_path/../Frameworks",
				);
				MACOSX_DEPLOYMENT_TARGET = 11.3;
				PRODUCT_BUNDLE_IDENTIFIER = io.github.sweeper777.KoModelMacOSTests;
				PRODUCT_NAME = "$(TARGET_NAME)";
				SDKROOT = macosx;
				SWIFT_VERSION = 5.0;
			};
			name = Release;
		};
/* End XCBuildConfiguration section */

/* Begin XCConfigurationList section */
		5A8B770926DF2CED0063C3E7 /* Build configuration list for PBXProject "Ko" */ = {
			isa = XCConfigurationList;
			buildConfigurations = (
				5A8B772026DF2CF00063C3E7 /* Debug */,
				5A8B772126DF2CF00063C3E7 /* Release */,
			);
			defaultConfigurationIsVisible = 0;
			defaultConfigurationName = Release;
		};
		5A8B772226DF2CF00063C3E7 /* Build configuration list for PBXNativeTarget "Ko" */ = {
			isa = XCConfigurationList;
			buildConfigurations = (
				5A8B772326DF2CF00063C3E7 /* Debug */,
				5A8B772426DF2CF00063C3E7 /* Release */,
			);
			defaultConfigurationIsVisible = 0;
			defaultConfigurationName = Release;
		};
		5A8B774126DF2D620063C3E7 /* Build configuration list for PBXNativeTarget "KoModel" */ = {
			isa = XCConfigurationList;
			buildConfigurations = (
				5A8B774226DF2D620063C3E7 /* Debug */,
				5A8B774326DF2D620063C3E7 /* Release */,
			);
			defaultConfigurationIsVisible = 0;
			defaultConfigurationName = Release;
		};
		5A8B775E26DF2DCD0063C3E7 /* Build configuration list for PBXNativeTarget "KoModelMacOS" */ = {
			isa = XCConfigurationList;
			buildConfigurations = (
				5A8B775F26DF2DCD0063C3E7 /* Debug */,
				5A8B776026DF2DCD0063C3E7 /* Release */,
			);
			defaultConfigurationIsVisible = 0;
			defaultConfigurationName = Release;
		};
		5A8B776126DF2DCD0063C3E7 /* Build configuration list for PBXNativeTarget "KoModelMacOSTests" */ = {
			isa = XCConfigurationList;
			buildConfigurations = (
				5A8B776226DF2DCD0063C3E7 /* Debug */,
				5A8B776326DF2DCD0063C3E7 /* Release */,
			);
			defaultConfigurationIsVisible = 0;
			defaultConfigurationName = Release;
		};
/* End XCConfigurationList section */
	};
	rootObject = 5A8B770626DF2CED0063C3E7 /* Project object */;
}
