PODS:
  - SCLAlertView (0.8)
  - SwiftyUtils (5.2.0)

DEPENDENCIES:
  - SCLAlertView
  - SwiftyUtils

SPEC REPOS:
  trunk:
    - SCLAlertView
    - SwiftyUtils

SPEC CHECKSUMS:
  SCLAlertView: 6a77bb2edfc65e04dbe57725546cb4107a506b85
  SwiftyUtils: 4c99e810e769063dbd5d4e83b486961a5d470aeb

PODFILE CHECKSUM: 3e5be7eaf20efe5aef5e51513682ba34d8ceb53d

COCOAPODS: 1.10.1
